
Microsoft Visual Studio Solution File, Format Version 12.00
# Visual Studio Version 17
VisualStudioVersion = 17.5.33530.505
MinimumVisualStudioVersion = 10.0.40219.1
Project("{FAE04EC0-301F-11D3-BF4B-00C04F79EFBC}") = "Switchcase", "Switchcase\Switchcase.csproj", "{EEE27E04-26EC-4FD3-9DF1-F3AE976BA253}"
EndProject
Global
	GlobalSection(SolutionConfigurationPlatforms) = preSolution
		Debug|Any CPU = Debug|Any CPU
		Release|Any CPU = Release|Any CPU
	EndGlobalSection
	GlobalSection(ProjectConfigurationPlatforms) = postSolution
		{EEE27E04-26EC-4FD3-9DF1-F3AE976BA253}.Debug|Any CPU.ActiveCfg = Debug|Any CPU
		{EEE27E04-26EC-4FD3-9DF1-F3AE976BA253}.Debug|Any CPU.Build.0 = Debug|Any CPU
		{EEE27E04-26EC-4FD3-9DF1-F3AE976BA253}.Release|Any CPU.ActiveCfg = Release|Any CPU
		{EEE27E04-26EC-4FD3-9DF1-F3AE976BA253}.Release|Any CPU.Build.0 = Release|Any CPU
	EndGlobalSection
	GlobalSection(SolutionProperties) = preSolution
		HideSolutionNode = FALSE
	EndGlobalSection
	GlobalSection(ExtensibilityGlobals) = postSolution
		SolutionGuid = {927F51C0-0CB7-44A7-89E6-A1C2F64E9DD1}
	EndGlobalSection
EndGlobal
